
Microsoft Visual Studio Solution File, Format Version 12.00
# Visual Studio Version 17
VisualStudioVersion = 17.8.34511.84
MinimumVisualStudioVersion = 10.0.40219.1
Project("{FAE04EC0-301F-11D3-BF4B-00C04F79EFBC}") = "CalculadoraLumens", "CalculadoraLumens.csproj", "{BE5CEFEF-5ADB-4AF6-8D20-8C50D0033000}"
EndProject
Global
	GlobalSection(SolutionConfigurationPlatforms) = preSolution
		Debug|Any CPU = Debug|Any CPU
		Release|Any CPU = Release|Any CPU
	EndGlobalSection
	GlobalSection(ProjectConfigurationPlatforms) = postSolution
		{BE5CEFEF-5ADB-4AF6-8D20-8C50D0033000}.Debug|Any CPU.ActiveCfg = Debug|Any CPU
		{BE5CEFEF-5ADB-4AF6-8D20-8C50D0033000}.Debug|Any CPU.Build.0 = Debug|Any CPU
		{BE5CEFEF-5ADB-4AF6-8D20-8C50D0033000}.Release|Any CPU.ActiveCfg = Release|Any CPU
		{BE5CEFEF-5ADB-4AF6-8D20-8C50D0033000}.Release|Any CPU.Build.0 = Release|Any CPU
	EndGlobalSection
	GlobalSection(SolutionProperties) = preSolution
		HideSolutionNode = FALSE
	EndGlobalSection
	GlobalSection(ExtensibilityGlobals) = postSolution
		SolutionGuid = {B0960EB1-21E1-4CEF-99CB-B5FAFE46A601}
	EndGlobalSection
EndGlobal
